
Microsoft Visual Studio Solution File, Format Version 12.00
# Visual Studio Version 16
VisualStudioVersion = 16.0.31205.134
MinimumVisualStudioVersion = 10.0.40219.1
Project("{FAE04EC0-301F-11D3-BF4B-00C04F79EFBC}") = "GoruntuIsleme", "GoruntuIsleme\GoruntuIsleme.csproj", "{6CF2A351-6C72-46A4-AC46-5CF003B7DBB2}"
EndProject
Global
	GlobalSection(SolutionConfigurationPlatforms) = preSolution
		Debug|Any CPU = Debug|Any CPU
		Release|Any CPU = Release|Any CPU
	EndGlobalSection
	GlobalSection(ProjectConfigurationPlatforms) = postSolution
		{6CF2A351-6C72-46A4-AC46-5CF003B7DBB2}.Debug|Any CPU.ActiveCfg = Debug|Any CPU
		{6CF2A351-6C72-46A4-AC46-5CF003B7DBB2}.Debug|Any CPU.Build.0 = Debug|Any CPU
		{6CF2A351-6C72-46A4-AC46-5CF003B7DBB2}.Release|Any CPU.ActiveCfg = Release|Any CPU
		{6CF2A351-6C72-46A4-AC46-5CF003B7DBB2}.Release|Any CPU.Build.0 = Release|Any CPU
	EndGlobalSection
	GlobalSection(SolutionProperties) = preSolution
		HideSolutionNode = FALSE
	EndGlobalSection
	GlobalSection(ExtensibilityGlobals) = postSolution
		SolutionGuid = {A1ABF89A-8C87-421B-9697-1EB2113EA3FD}
	EndGlobalSection
EndGlobal
